
Microsoft Visual Studio Solution File, Format Version 12.00
# Visual Studio Version 16
VisualStudioVersion = 16.0.30711.63
MinimumVisualStudioVersion = 10.0.40219.1
Project("{FAE04EC0-301F-11D3-BF4B-00C04F79EFBC}") = "TrainingClub", "TrainingClub\TrainingClub.csproj", "{1BAC96F7-4727-476A-B3E1-690B62A85D2B}"
EndProject
Global
	GlobalSection(SolutionConfigurationPlatforms) = preSolution
		Debug|Any CPU = Debug|Any CPU
		Release|Any CPU = Release|Any CPU
	EndGlobalSection
	GlobalSection(ProjectConfigurationPlatforms) = postSolution
		{1BAC96F7-4727-476A-B3E1-690B62A85D2B}.Debug|Any CPU.ActiveCfg = Debug|Any CPU
		{1BAC96F7-4727-476A-B3E1-690B62A85D2B}.Debug|Any CPU.Build.0 = Debug|Any CPU
		{1BAC96F7-4727-476A-B3E1-690B62A85D2B}.Release|Any CPU.ActiveCfg = Release|Any CPU
		{1BAC96F7-4727-476A-B3E1-690B62A85D2B}.Release|Any CPU.Build.0 = Release|Any CPU
	EndGlobalSection
	GlobalSection(SolutionProperties) = preSolution
		HideSolutionNode = FALSE
	EndGlobalSection
	GlobalSection(ExtensibilityGlobals) = postSolution
		SolutionGuid = {72AF683A-A5C7-44C5-A383-C6B004FA3D72}
	EndGlobalSection
EndGlobal
